// !$*UTF8*$!
{
	archiveVersion = 1;
	classes = {
	};
	objectVersion = 56;
	objects = {

/* Begin PBXBuildFile section */
		56FA40F12BC828EF00B2CF24 /* AppDelegate.swift in Sources */ = {isa = PBXBuildFile; fileRef = 56FA40F02BC828EF00B2CF24 /* AppDelegate.swift */; };
		56FA40F32BC828EF00B2CF24 /* SceneDelegate.swift in Sources */ = {isa = PBXBuildFile; fileRef = 56FA40F22BC828EF00B2CF24 /* SceneDelegate.swift */; };
		56FA40F52BC828EF00B2CF24 /* RMTabbarController.swift in Sources */ = {isa = PBXBuildFile; fileRef = 56FA40F42BC828EF00B2CF24 /* RMTabbarController.swift */; };
		56FA40FA2BC828F000B2CF24 /* Assets.xcassets in Resources */ = {isa = PBXBuildFile; fileRef = 56FA40F92BC828F000B2CF24 /* Assets.xcassets */; };
		56FA40FD2BC828F000B2CF24 /* Base in Resources */ = {isa = PBXBuildFile; fileRef = 56FA40FC2BC828F000B2CF24 /* Base */; };
		56FA41092BC82AD800B2CF24 /* RMCharacterViewController.swift in Sources */ = {isa = PBXBuildFile; fileRef = 56FA41082BC82AD800B2CF24 /* RMCharacterViewController.swift */; };
		56FA410C2BC82B1000B2CF24 /* RMLocationViewController.swift in Sources */ = {isa = PBXBuildFile; fileRef = 56FA410B2BC82B1000B2CF24 /* RMLocationViewController.swift */; };
		56FA410F2BC82B3B00B2CF24 /* RMEpisodeViewController.swift in Sources */ = {isa = PBXBuildFile; fileRef = 56FA410E2BC82B3B00B2CF24 /* RMEpisodeViewController.swift */; };
		56FA41122BC82B6C00B2CF24 /* RMSettings.swift in Sources */ = {isa = PBXBuildFile; fileRef = 56FA41112BC82B6C00B2CF24 /* RMSettings.swift */; };
/* End PBXBuildFile section */

/* Begin PBXFileReference section */
		56FA40ED2BC828EF00B2CF24 /* RickAndMorty.app */ = {isa = PBXFileReference; explicitFileType = wrapper.application; includeInIndex = 0; path = RickAndMorty.app; sourceTree = BUILT_PRODUCTS_DIR; };
		56FA40F02BC828EF00B2CF24 /* AppDelegate.swift */ = {isa = PBXFileReference; lastKnownFileType = sourcecode.swift; path = AppDelegate.swift; sourceTree = "<group>"; };
		56FA40F22BC828EF00B2CF24 /* SceneDelegate.swift */ = {isa = PBXFileReference; lastKnownFileType = sourcecode.swift; path = SceneDelegate.swift; sourceTree = "<group>"; };
		56FA40F42BC828EF00B2CF24 /* RMTabbarController.swift */ = {isa = PBXFileReference; lastKnownFileType = sourcecode.swift; path = RMTabbarController.swift; sourceTree = "<group>"; };
		56FA40F92BC828F000B2CF24 /* Assets.xcassets */ = {isa = PBXFileReference; lastKnownFileType = folder.assetcatalog; path = Assets.xcassets; sourceTree = "<group>"; };
		56FA40FC2BC828F000B2CF24 /* Base */ = {isa = PBXFileReference; lastKnownFileType = file.storyboard; name = Base; path = Base.lproj/LaunchScreen.storyboard; sourceTree = "<group>"; };
		56FA40FE2BC828F000B2CF24 /* Info.plist */ = {isa = PBXFileReference; lastKnownFileType = text.plist.xml; path = Info.plist; sourceTree = "<group>"; };
		56FA41082BC82AD800B2CF24 /* RMCharacterViewController.swift */ = {isa = PBXFileReference; lastKnownFileType = sourcecode.swift; path = RMCharacterViewController.swift; sourceTree = "<group>"; };
		56FA410B2BC82B1000B2CF24 /* RMLocationViewController.swift */ = {isa = PBXFileReference; lastKnownFileType = sourcecode.swift; path = RMLocationViewController.swift; sourceTree = "<group>"; };
		56FA410E2BC82B3B00B2CF24 /* RMEpisodeViewController.swift */ = {isa = PBXFileReference; lastKnownFileType = sourcecode.swift; path = RMEpisodeViewController.swift; sourceTree = "<group>"; };
		56FA41112BC82B6C00B2CF24 /* RMSettings.swift */ = {isa = PBXFileReference; lastKnownFileType = sourcecode.swift; path = RMSettings.swift; sourceTree = "<group>"; };
/* End PBXFileReference section */

/* Begin PBXFrameworksBuildPhase section */
		56FA40EA2BC828EF00B2CF24 /* Frameworks */ = {
			isa = PBXFrameworksBuildPhase;
			buildActionMask = 2147483647;
			files = (
			);
			runOnlyForDeploymentPostprocessing = 0;
		};
/* End PBXFrameworksBuildPhase section */

/* Begin PBXGroup section */
		56FA40E42BC828EF00B2CF24 = {
			isa = PBXGroup;
			children = (
				56FA40EF2BC828EF00B2CF24 /* RickAndMorty */,
				56FA40EE2BC828EF00B2CF24 /* Products */,
			);
			sourceTree = "<group>";
		};
		56FA40EE2BC828EF00B2CF24 /* Products */ = {
			isa = PBXGroup;
			children = (
				56FA40ED2BC828EF00B2CF24 /* RickAndMorty.app */,
			);
			name = Products;
			sourceTree = "<group>";
		};
		56FA40EF2BC828EF00B2CF24 /* RickAndMorty */ = {
			isa = PBXGroup;
			children = (
				56FA41052BC8292F00B2CF24 /* Scene */,
				56FA41042BC8291100B2CF24 /* Support */,
			);
			path = RickAndMorty;
			sourceTree = "<group>";
		};
		56FA41042BC8291100B2CF24 /* Support */ = {
			isa = PBXGroup;
			children = (
				56FA40F02BC828EF00B2CF24 /* AppDelegate.swift */,
				56FA40F22BC828EF00B2CF24 /* SceneDelegate.swift */,
				56FA40F92BC828F000B2CF24 /* Assets.xcassets */,
				56FA40FB2BC828F000B2CF24 /* LaunchScreen.storyboard */,
				56FA40FE2BC828F000B2CF24 /* Info.plist */,
			);
			path = Support;
			sourceTree = "<group>";
		};
		56FA41052BC8292F00B2CF24 /* Scene */ = {
			isa = PBXGroup;
			children = (
				56FA41072BC82ACC00B2CF24 /* RMCharacter */,
				56FA410D2BC82B3300B2CF24 /* RMEpisode */,
				56FA410A2BC82B0700B2CF24 /* RMLocation */,
				56FA41102BC82B5C00B2CF24 /* RMSettings */,
				56FA41062BC82A8200B2CF24 /* RMTabbar */,
			);
			path = Scene;
			sourceTree = "<group>";
		};
		56FA41062BC82A8200B2CF24 /* RMTabbar */ = {
			isa = PBXGroup;
			children = (
				56FA40F42BC828EF00B2CF24 /* RMTabbarController.swift */,
			);
			path = RMTabbar;
			sourceTree = "<group>";
		};
		56FA41072BC82ACC00B2CF24 /* RMCharacter */ = {
			isa = PBXGroup;
			children = (
				56FA41082BC82AD800B2CF24 /* RMCharacterViewController.swift */,
			);
			path = RMCharacter;
			sourceTree = "<group>";
		};
		56FA410A2BC82B0700B2CF24 /* RMLocation */ = {
			isa = PBXGroup;
			children = (
				56FA410B2BC82B1000B2CF24 /* RMLocationViewController.swift */,
			);
			path = RMLocation;
			sourceTree = "<group>";
		};
		56FA410D2BC82B3300B2CF24 /* RMEpisode */ = {
			isa = PBXGroup;
			children = (
				56FA410E2BC82B3B00B2CF24 /* RMEpisodeViewController.swift */,
			);
			path = RMEpisode;
			sourceTree = "<group>";
		};
		56FA41102BC82B5C00B2CF24 /* RMSettings */ = {
			isa = PBXGroup;
			children = (
				56FA41112BC82B6C00B2CF24 /* RMSettings.swift */,
			);
			path = RMSettings;
			sourceTree = "<group>";
		};
/* End PBXGroup section */

/* Begin PBXNativeTarget section */
		56FA40EC2BC828EF00B2CF24 /* RickAndMorty */ = {
			isa = PBXNativeTarget;
			buildConfigurationList = 56FA41012BC828F000B2CF24 /* Build configuration list for PBXNativeTarget "RickAndMorty" */;
			buildPhases = (
				56FA40E92BC828EF00B2CF24 /* Sources */,
				56FA40EA2BC828EF00B2CF24 /* Frameworks */,
				56FA40EB2BC828EF00B2CF24 /* Resources */,
			);
			buildRules = (
			);
			dependencies = (
			);
			name = RickAndMorty;
			productName = RickAndMorty;
			productReference = 56FA40ED2BC828EF00B2CF24 /* RickAndMorty.app */;
			productType = "com.apple.product-type.application";
		};
/* End PBXNativeTarget section */

/* Begin PBXProject section */
		56FA40E52BC828EF00B2CF24 /* Project object */ = {
			isa = PBXProject;
			attributes = {
				BuildIndependentTargetsInParallel = 1;
				LastSwiftUpdateCheck = 1530;
				LastUpgradeCheck = 1530;
				TargetAttributes = {
					56FA40EC2BC828EF00B2CF24 = {
						CreatedOnToolsVersion = 15.3;
					};
				};
			};
			buildConfigurationList = 56FA40E82BC828EF00B2CF24 /* Build configuration list for PBXProject "RickAndMorty" */;
			compatibilityVersion = "Xcode 14.0";
			developmentRegion = en;
			hasScannedForEncodings = 0;
			knownRegions = (
				en,
				Base,
			);
			mainGroup = 56FA40E42BC828EF00B2CF24;
			productRefGroup = 56FA40EE2BC828EF00B2CF24 /* Products */;
			projectDirPath = "";
			projectRoot = "";
			targets = (
				56FA40EC2BC828EF00B2CF24 /* RickAndMorty */,
			);
		};
/* End PBXProject section */

/* Begin PBXResourcesBuildPhase section */
		56FA40EB2BC828EF00B2CF24 /* Resources */ = {
			isa = PBXResourcesBuildPhase;
			buildActionMask = 2147483647;
			files = (
				56FA40FA2BC828F000B2CF24 /* Assets.xcassets in Resources */,
				56FA40FD2BC828F000B2CF24 /* Base in Resources */,
			);
			runOnlyForDeploymentPostprocessing = 0;
		};
/* End PBXResourcesBuildPhase section */

/* Begin PBXSourcesBuildPhase section */
		56FA40E92BC828EF00B2CF24 /* Sources */ = {
			isa = PBXSourcesBuildPhase;
			buildActionMask = 2147483647;
			files = (
				56FA40F52BC828EF00B2CF24 /* RMTabbarController.swift in Sources */,
				56FA410C2BC82B1000B2CF24 /* RMLocationViewController.swift in Sources */,
				56FA41092BC82AD800B2CF24 /* RMCharacterViewController.swift in Sources */,
				56FA410F2BC82B3B00B2CF24 /* RMEpisodeViewController.swift in Sources */,
				56FA40F12BC828EF00B2CF24 /* AppDelegate.swift in Sources */,
				56FA41122BC82B6C00B2CF24 /* RMSettings.swift in Sources */,
				56FA40F32BC828EF00B2CF24 /* SceneDelegate.swift in Sources */,
			);
			runOnlyForDeploymentPostprocessing = 0;
		};
/* End PBXSourcesBuildPhase section */

/* Begin PBXVariantGroup section */
		56FA40FB2BC828F000B2CF24 /* LaunchScreen.storyboard */ = {
			isa = PBXVariantGroup;
			children = (
				56FA40FC2BC828F000B2CF24 /* Base */,
			);
			name = LaunchScreen.storyboard;
			sourceTree = "<group>";
		};
/* End PBXVariantGroup section */

/* Begin XCBuildConfiguration section */
		56FA40FF2BC828F000B2CF24 /* Debug */ = {
			isa = XCBuildConfiguration;
			buildSettings = {
				ALWAYS_SEARCH_USER_PATHS = NO;
				ASSETCATALOG_COMPILER_GENERATE_SWIFT_ASSET_SYMBOL_EXTENSIONS = YES;
				CLANG_ANALYZER_NONNULL = YES;
				CLANG_ANALYZER_NUMBER_OBJECT_CONVERSION = YES_AGGRESSIVE;
				CLANG_CXX_LANGUAGE_STANDARD = "gnu++20";
				CLANG_ENABLE_MODULES = YES;
				CLANG_ENABLE_OBJC_ARC = YES;
				CLANG_ENABLE_OBJC_WEAK = YES;
				CLANG_WARN_BLOCK_CAPTURE_AUTORELEASING = YES;
				CLANG_WARN_BOOL_CONVERSION = YES;
				CLANG_WARN_COMMA = YES;
				CLANG_WARN_CONSTANT_CONVERSION = YES;
				CLANG_WARN_DEPRECATED_OBJC_IMPLEMENTATIONS = YES;
				CLANG_WARN_DIRECT_OBJC_ISA_USAGE = YES_ERROR;
				CLANG_WARN_DOCUMENTATION_COMMENTS = YES;
				CLANG_WARN_EMPTY_BODY = YES;
				CLANG_WARN_ENUM_CONVERSION = YES;
				CLANG_WARN_INFINITE_RECURSION = YES;
				CLANG_WARN_INT_CONVERSION = YES;
				CLANG_WARN_NON_LITERAL_NULL_CONVERSION = YES;
				CLANG_WARN_OBJC_IMPLICIT_RETAIN_SELF = YES;
				CLANG_WARN_OBJC_LITERAL_CONVERSION = YES;
				CLANG_WARN_OBJC_ROOT_CLASS = YES_ERROR;
				CLANG_WARN_QUOTED_INCLUDE_IN_FRAMEWORK_HEADER = YES;
				CLANG_WARN_RANGE_LOOP_ANALYSIS = YES;
				CLANG_WARN_STRICT_PROTOTYPES = YES;
				CLANG_WARN_SUSPICIOUS_MOVE = YES;
				CLANG_WARN_UNGUARDED_AVAILABILITY = YES_AGGRESSIVE;
				CLANG_WARN_UNREACHABLE_CODE = YES;
				CLANG_WARN__DUPLICATE_METHOD_MATCH = YES;
				COPY_PHASE_STRIP = NO;
				DEBUG_INFORMATION_FORMAT = dwarf;
				ENABLE_STRICT_OBJC_MSGSEND = YES;
				ENABLE_TESTABILITY = YES;
				ENABLE_USER_SCRIPT_SANDBOXING = YES;
				GCC_C_LANGUAGE_STANDARD = gnu17;
				GCC_DYNAMIC_NO_PIC = NO;
				GCC_NO_COMMON_BLOCKS = YES;
				GCC_OPTIMIZATION_LEVEL = 0;
				GCC_PREPROCESSOR_DEFINITIONS = (
					"DEBUG=1",
					"$(inherited)",
				);
				GCC_WARN_64_TO_32_BIT_CONVERSION = YES;
				GCC_WARN_ABOUT_RETURN_TYPE = YES_ERROR;
				GCC_WARN_UNDECLARED_SELECTOR = YES;
				GCC_WARN_UNINITIALIZED_AUTOS = YES_AGGRESSIVE;
				GCC_WARN_UNUSED_FUNCTION = YES;
				GCC_WARN_UNUSED_VARIABLE = YES;
				IPHONEOS_DEPLOYMENT_TARGET = 17.4;
				LOCALIZATION_PREFERS_STRING_CATALOGS = YES;
				MTL_ENABLE_DEBUG_INFO = INCLUDE_SOURCE;
				MTL_FAST_MATH = YES;
				ONLY_ACTIVE_ARCH = YES;
				SDKROOT = iphoneos;
				SWIFT_ACTIVE_COMPILATION_CONDITIONS = "DEBUG $(inherited)";
				SWIFT_OPTIMIZATION_LEVEL = "-Onone";
			};
			name = Debug;
		};
		56FA41002BC828F000B2CF24 /* Release */ = {
			isa = XCBuildConfiguration;
			buildSettings = {
				ALWAYS_SEARCH_USER_PATHS = NO;
				ASSETCATALOG_COMPILER_GENERATE_SWIFT_ASSET_SYMBOL_EXTENSIONS = YES;
				CLANG_ANALYZER_NONNULL = YES;
				CLANG_ANALYZER_NUMBER_OBJECT_CONVERSION = YES_AGGRESSIVE;
				CLANG_CXX_LANGUAGE_STANDARD = "gnu++20";
				CLANG_ENABLE_MODULES = YES;
				CLANG_ENABLE_OBJC_ARC = YES;
				CLANG_ENABLE_OBJC_WEAK = YES;
				CLANG_WARN_BLOCK_CAPTURE_AUTORELEASING = YES;
				CLANG_WARN_BOOL_CONVERSION = YES;
				CLANG_WARN_COMMA = YES;
				CLANG_WARN_CONSTANT_CONVERSION = YES;
				CLANG_WARN_DEPRECATED_OBJC_IMPLEMENTATIONS = YES;
				CLANG_WARN_DIRECT_OBJC_ISA_USAGE = YES_ERROR;
				CLANG_WARN_DOCUMENTATION_COMMENTS = YES;
				CLANG_WARN_EMPTY_BODY = YES;
				CLANG_WARN_ENUM_CONVERSION = YES;
				CLANG_WARN_INFINITE_RECURSION = YES;
				CLANG_WARN_INT_CONVERSION = YES;
				CLANG_WARN_NON_LITERAL_NULL_CONVERSION = YES;
				CLANG_WARN_OBJC_IMPLICIT_RETAIN_SELF = YES;
				CLANG_WARN_OBJC_LITERAL_CONVERSION = YES;
				CLANG_WARN_OBJC_ROOT_CLASS = YES_ERROR;
				CLANG_WARN_QUOTED_INCLUDE_IN_FRAMEWORK_HEADER = YES;
				CLANG_WARN_RANGE_LOOP_ANALYSIS = YES;
				CLANG_WARN_STRICT_PROTOTYPES = YES;
				CLANG_WARN_SUSPICIOUS_MOVE = YES;
				CLANG_WARN_UNGUARDED_AVAILABILITY = YES_AGGRESSIVE;
				CLANG_WARN_UNREACHABLE_CODE = YES;
				CLANG_WARN__DUPLICATE_METHOD_MATCH = YES;
				COPY_PHASE_STRIP = NO;
				DEBUG_INFORMATION_FORMAT = "dwarf-with-dsym";
				ENABLE_NS_ASSERTIONS = NO;
				ENABLE_STRICT_OBJC_MSGSEND = YES;
				ENABLE_USER_SCRIPT_SANDBOXING = YES;
				GCC_C_LANGUAGE_STANDARD = gnu17;
				GCC_NO_COMMON_BLOCKS = YES;
				GCC_WARN_64_TO_32_BIT_CONVERSION = YES;
				GCC_WARN_ABOUT_RETURN_TYPE = YES_ERROR;
				GCC_WARN_UNDECLARED_SELECTOR = YES;
				GCC_WARN_UNINITIALIZED_AUTOS = YES_AGGRESSIVE;
				GCC_WARN_UNUSED_FUNCTION = YES;
				GCC_WARN_UNUSED_VARIABLE = YES;
				IPHONEOS_DEPLOYMENT_TARGET = 17.4;
				LOCALIZATION_PREFERS_STRING_CATALOGS = YES;
				MTL_ENABLE_DEBUG_INFO = NO;
				MTL_FAST_MATH = YES;
				SDKROOT = iphoneos;
				SWIFT_COMPILATION_MODE = wholemodule;
				VALIDATE_PRODUCT = YES;
			};
			name = Release;
		};
		56FA41022BC828F000B2CF24 /* Debug */ = {
			isa = XCBuildConfiguration;
			buildSettings = {
				ASSETCATALOG_COMPILER_APPICON_NAME = AppIcon;
				ASSETCATALOG_COMPILER_GLOBAL_ACCENT_COLOR_NAME = AccentColor;
				CODE_SIGN_STYLE = Automatic;
				CURRENT_PROJECT_VERSION = 1;
				DEVELOPMENT_TEAM = SJ9HXADZ9T;
				GENERATE_INFOPLIST_FILE = YES;
				INFOPLIST_FILE = RickAndMorty/Support/Info.plist;
				INFOPLIST_KEY_UIApplicationSupportsIndirectInputEvents = YES;
				INFOPLIST_KEY_UILaunchStoryboardName = LaunchScreen;
				INFOPLIST_KEY_UISupportedInterfaceOrientations = UIInterfaceOrientationPortrait;
				INFOPLIST_KEY_UISupportedInterfaceOrientations_iPad = "UIInterfaceOrientationLandscapeLeft UIInterfaceOrientationLandscapeRight UIInterfaceOrientationPortrait UIInterfaceOrientationPortraitUpsideDown";
				IPHONEOS_DEPLOYMENT_TARGET = 16.0;
				LD_RUNPATH_SEARCH_PATHS = (
					"$(inherited)",
					"@executable_path/Frameworks",
				);
				MARKETING_VERSION = 1.0;
				PRODUCT_BUNDLE_IDENTIFIER = com.MehmetAliOzdemir.RickAndMorty;
				PRODUCT_NAME = "$(TARGET_NAME)";
				SUPPORTED_PLATFORMS = "iphoneos iphonesimulator";
				SUPPORTS_MACCATALYST = NO;
				SUPPORTS_MAC_DESIGNED_FOR_IPHONE_IPAD = NO;
				SUPPORTS_XR_DESIGNED_FOR_IPHONE_IPAD = NO;
				SWIFT_EMIT_LOC_STRINGS = YES;
				SWIFT_VERSION = 5.0;
				TARGETED_DEVICE_FAMILY = 1;
			};
			name = Debug;
		};
		56FA41032BC828F000B2CF24 /* Release */ = {
			isa = XCBuildConfiguration;
			buildSettings = {
				ASSETCATALOG_COMPILER_APPICON_NAME = AppIcon;
				ASSETCATALOG_COMPILER_GLOBAL_ACCENT_COLOR_NAME = AccentColor;
				CODE_SIGN_STYLE = Automatic;
				CURRENT_PROJECT_VERSION = 1;
				DEVELOPMENT_TEAM = SJ9HXADZ9T;
				GENERATE_INFOPLIST_FILE = YES;
				INFOPLIST_FILE = RickAndMorty/Support/Info.plist;
				INFOPLIST_KEY_UIApplicationSupportsIndirectInputEvents = YES;
				INFOPLIST_KEY_UILaunchStoryboardName = LaunchScreen;
				INFOPLIST_KEY_UISupportedInterfaceOrientations = UIInterfaceOrientationPortrait;
				INFOPLIST_KEY_UISupportedInterfaceOrientations_iPad = "UIInterfaceOrientationLandscapeLeft UIInterfaceOrientationLandscapeRight UIInterfaceOrientationPortrait UIInterfaceOrientationPortraitUpsideDown";
				IPHONEOS_DEPLOYMENT_TARGET = 16.0;
				LD_RUNPATH_SEARCH_PATHS = (
					"$(inherited)",
					"@executable_path/Frameworks",
				);
				MARKETING_VERSION = 1.0;
				PRODUCT_BUNDLE_IDENTIFIER = com.MehmetAliOzdemir.RickAndMorty;
				PRODUCT_NAME = "$(TARGET_NAME)";
				SUPPORTED_PLATFORMS = "iphoneos iphonesimulator";
				SUPPORTS_MACCATALYST = NO;
				SUPPORTS_MAC_DESIGNED_FOR_IPHONE_IPAD = NO;
				SUPPORTS_XR_DESIGNED_FOR_IPHONE_IPAD = NO;
				SWIFT_EMIT_LOC_STRINGS = YES;
				SWIFT_VERSION = 5.0;
				TARGETED_DEVICE_FAMILY = 1;
			};
			name = Release;
		};
/* End XCBuildConfiguration section */

/* Begin XCConfigurationList section */
		56FA40E82BC828EF00B2CF24 /* Build configuration list for PBXProject "RickAndMorty" */ = {
			isa = XCConfigurationList;
			buildConfigurations = (
				56FA40FF2BC828F000B2CF24 /* Debug */,
				56FA41002BC828F000B2CF24 /* Release */,
			);
			defaultConfigurationIsVisible = 0;
			defaultConfigurationName = Release;
		};
		56FA41012BC828F000B2CF24 /* Build configuration list for PBXNativeTarget "RickAndMorty" */ = {
			isa = XCConfigurationList;
			buildConfigurations = (
				56FA41022BC828F000B2CF24 /* Debug */,
				56FA41032BC828F000B2CF24 /* Release */,
			);
			defaultConfigurationIsVisible = 0;
			defaultConfigurationName = Release;
		};
/* End XCConfigurationList section */
	};
	rootObject = 56FA40E52BC828EF00B2CF24 /* Project object */;
}
